
Microsoft Visual Studio Solution File, Format Version 12.00
# Visual Studio 15
VisualStudioVersion = 15.0.26228.96
MinimumVisualStudioVersion = 10.0.40219.1
Project("{FAE04EC0-301F-11D3-BF4B-00C04F79EFBC}") = "Eureka.Domain", "Eureka.Domain\Eureka.Domain.csproj", "{0BE69113-5795-47D2-ACD9-F311F799FEAA}"
EndProject
Project("{FAE04EC0-301F-11D3-BF4B-00C04F79EFBC}") = "Eureka.Domain.Tests", "Eureka.Domain.Tests\Eureka.Domain.Tests.csproj", "{A86D5E35-3527-40F0-865A-27F9F283E013}"
EndProject
Project("{FAE04EC0-301F-11D3-BF4B-00C04F79EFBC}") = "Eureka.SharedKernel", "Eureka.SharedKernel\Eureka.SharedKernel.csproj", "{22698B74-619A-4173-93AD-FF992FA3FEE4}"
EndProject
Global
	GlobalSection(SolutionConfigurationPlatforms) = preSolution
		Debug|Any CPU = Debug|Any CPU
		Release|Any CPU = Release|Any CPU
	EndGlobalSection
	GlobalSection(ProjectConfigurationPlatforms) = postSolution
		{0BE69113-5795-47D2-ACD9-F311F799FEAA}.Debug|Any CPU.ActiveCfg = Debug|Any CPU
		{0BE69113-5795-47D2-ACD9-F311F799FEAA}.Debug|Any CPU.Build.0 = Debug|Any CPU
		{0BE69113-5795-47D2-ACD9-F311F799FEAA}.Release|Any CPU.ActiveCfg = Release|Any CPU
		{0BE69113-5795-47D2-ACD9-F311F799FEAA}.Release|Any CPU.Build.0 = Release|Any CPU
		{A86D5E35-3527-40F0-865A-27F9F283E013}.Debug|Any CPU.ActiveCfg = Debug|Any CPU
		{A86D5E35-3527-40F0-865A-27F9F283E013}.Debug|Any CPU.Build.0 = Debug|Any CPU
		{A86D5E35-3527-40F0-865A-27F9F283E013}.Release|Any CPU.ActiveCfg = Release|Any CPU
		{A86D5E35-3527-40F0-865A-27F9F283E013}.Release|Any CPU.Build.0 = Release|Any CPU
		{22698B74-619A-4173-93AD-FF992FA3FEE4}.Debug|Any CPU.ActiveCfg = Debug|Any CPU
		{22698B74-619A-4173-93AD-FF992FA3FEE4}.Debug|Any CPU.Build.0 = Debug|Any CPU
		{22698B74-619A-4173-93AD-FF992FA3FEE4}.Release|Any CPU.ActiveCfg = Release|Any CPU
		{22698B74-619A-4173-93AD-FF992FA3FEE4}.Release|Any CPU.Build.0 = Release|Any CPU
	EndGlobalSection
	GlobalSection(SolutionProperties) = preSolution
		HideSolutionNode = FALSE
	EndGlobalSection
EndGlobal
